
Microsoft Visual Studio Solution File, Format Version 12.00
# Visual Studio Version 17
VisualStudioVersion = 17.14.36705.20 d17.14
MinimumVisualStudioVersion = 10.0.40219.1
Project("{8BC9CEB8-8B4A-11D0-8D11-00A0C91BC942}") = "A. Petya and Strings", "A. Petya and Strings.vcxproj", "{A27E6C17-7EBD-4363-863D-E9422487D484}"
EndProject
Global
	GlobalSection(SolutionConfigurationPlatforms) = preSolution
		Debug|x64 = Debug|x64
		Debug|x86 = Debug|x86
		Release|x64 = Release|x64
		Release|x86 = Release|x86
	EndGlobalSection
	GlobalSection(ProjectConfigurationPlatforms) = postSolution
		{A27E6C17-7EBD-4363-863D-E9422487D484}.Debug|x64.ActiveCfg = Debug|x64
		{A27E6C17-7EBD-4363-863D-E9422487D484}.Debug|x64.Build.0 = Debug|x64
		{A27E6C17-7EBD-4363-863D-E9422487D484}.Debug|x86.ActiveCfg = Debug|Win32
		{A27E6C17-7EBD-4363-863D-E9422487D484}.Debug|x86.Build.0 = Debug|Win32
		{A27E6C17-7EBD-4363-863D-E9422487D484}.Release|x64.ActiveCfg = Release|x64
		{A27E6C17-7EBD-4363-863D-E9422487D484}.Release|x64.Build.0 = Release|x64
		{A27E6C17-7EBD-4363-863D-E9422487D484}.Release|x86.ActiveCfg = Release|Win32
		{A27E6C17-7EBD-4363-863D-E9422487D484}.Release|x86.Build.0 = Release|Win32
	EndGlobalSection
	GlobalSection(SolutionProperties) = preSolution
		HideSolutionNode = FALSE
	EndGlobalSection
	GlobalSection(ExtensibilityGlobals) = postSolution
		SolutionGuid = {BFE4E1F4-CAF4-43B2-B116-2C9A1A8CD2D0}
	EndGlobalSection
EndGlobal
